github.com/dtherhtun/Learning-go/concurrent-programming/barrier v0.0.0-20230519040653-2f2e99df7f7d h1:LqIhRRKlM0BBOBHl+V5NtZUxVJGuH/J3gZIU8BZXmR8=
github.com/dtherhtun/Learning-go/concurrent-programming/barrier v0.0.0-20230519040653-2f2e99df7f7d/go.mod h1:jUPMMhmOg4avHKSxEhXpIDg/DzDEi+/DDg2fNAgs7xU=
