github.com/dtherhtun/Learning-go/concurrent-programming/barrier v0.0.0-20240428041815-e1d2c0311987 h1:Hs6C4yyWHY5rCLSmpdJSP8q9hU5wP1WUENg6YBWMw+8=
github.com/dtherhtun/Learning-go/concurrent-programming/barrier v0.0.0-20240428041815-e1d2c0311987/go.mod h1:jUPMMhmOg4avHKSxEhXpIDg/DzDEi+/DDg2fNAgs7xU=
