github.com/dtherhtun/Learning-go/concurrent-programming/barrier v0.0.0-20230515054003-3f1545d5de72 h1:mNAHTRXYtvSqhdRLGllOMSWNUeaYiBCsM1z9YUieG+U=
github.com/dtherhtun/Learning-go/concurrent-programming/barrier v0.0.0-20230515054003-3f1545d5de72/go.mod h1:jUPMMhmOg4avHKSxEhXpIDg/DzDEi+/DDg2fNAgs7xU=
