github.com/dtherhtun/Learning-go/concurrent-programming/semaphore v0.0.0-20230506171113-ec87ba135707 h1:eR+1msd5GQEmEZTgiNbu+U8Sn7gZnq5rQN03a/4Yp/c=
github.com/dtherhtun/Learning-go/concurrent-programming/semaphore v0.0.0-20230506171113-ec87ba135707/go.mod h1:hkHfrPzgyatj2uyay13smjRKSigRxFtF82ie8l+fAT4=
