github.com/dtherhtun/Learning-go/concurrent-programming/charcountermutex v0.0.0-20230508024704-e070f10e4ba3 h1:wQ4b8dIypzSh1C6McZykDTsw9LaH8T/W213XIqWouHY=
github.com/dtherhtun/Learning-go/concurrent-programming/charcountermutex v0.0.0-20230508024704-e070f10e4ba3/go.mod h1:Rv9GRKOm3dWMK3ViQNmGF3xc++7KVQO99kZuCjkeBIQ=
