github.com/dtherhtun/Learning-go/concurrent-programming/barrier v0.0.0-20230515020900-8b93080cdcc9 h1:5CCvXPIc30nMnCLcp6e0CvqPQGLPzMFxb0W61yePR58=
github.com/dtherhtun/Learning-go/concurrent-programming/barrier v0.0.0-20230515020900-8b93080cdcc9/go.mod h1:jUPMMhmOg4avHKSxEhXpIDg/DzDEi+/DDg2fNAgs7xU=
